
Microsoft Visual Studio Solution File, Format Version 12.00
# Visual Studio Version 17
VisualStudioVersion = 17.9.34902.65
MinimumVisualStudioVersion = 10.0.40219.1
Project("{FAE04EC0-301F-11D3-BF4B-00C04F79EFBC}") = "prac8", "prac8\prac8.csproj", "{B666BB51-A24F-4240-9392-880B8B164EA9}"
EndProject
Global
	GlobalSection(SolutionConfigurationPlatforms) = preSolution
		Debug|Any CPU = Debug|Any CPU
		Release|Any CPU = Release|Any CPU
	EndGlobalSection
	GlobalSection(ProjectConfigurationPlatforms) = postSolution
		{B666BB51-A24F-4240-9392-880B8B164EA9}.Debug|Any CPU.ActiveCfg = Debug|Any CPU
		{B666BB51-A24F-4240-9392-880B8B164EA9}.Debug|Any CPU.Build.0 = Debug|Any CPU
		{B666BB51-A24F-4240-9392-880B8B164EA9}.Release|Any CPU.ActiveCfg = Release|Any CPU
		{B666BB51-A24F-4240-9392-880B8B164EA9}.Release|Any CPU.Build.0 = Release|Any CPU
	EndGlobalSection
	GlobalSection(SolutionProperties) = preSolution
		HideSolutionNode = FALSE
	EndGlobalSection
	GlobalSection(ExtensibilityGlobals) = postSolution
		SolutionGuid = {892F5C01-60DD-4AED-B5FD-F51729415436}
	EndGlobalSection
EndGlobal
